
Microsoft Visual Studio Solution File, Format Version 11.00
# Visual Studio 2010
Project("{FAE04EC0-301F-11D3-BF4B-00C04F79EFBC}") = "Group_Project_v1.3_08-11-18", "Assembly-CSharp-firstpass.csproj", "{F25CFE4E-8902-C560-E000-DDC8A0414D00}"
EndProject
Project("{FAE04EC0-301F-11D3-BF4B-00C04F79EFBC}") = "Group_Project_v1.3_08-11-18", "Assembly-CSharp.csproj", "{D37BB767-0026-ABEB-9AF5-FAE23CF9B111}"
EndProject
Project("{FAE04EC0-301F-11D3-BF4B-00C04F79EFBC}") = "Group_Project_v1.3_08-11-18", "Assembly-CSharp-Editor-firstpass.csproj", "{C34F411A-9F59-A6FC-B6AB-B6DE3BD90EFF}"
EndProject
Global
	GlobalSection(SolutionConfigurationPlatforms) = preSolution
		Debug|Any CPU = Debug|Any CPU
		Release|Any CPU = Release|Any CPU
	EndGlobalSection
	GlobalSection(ProjectConfigurationPlatforms) = postSolution
		{F25CFE4E-8902-C560-E000-DDC8A0414D00}.Debug|Any CPU.ActiveCfg = Debug|Any CPU
		{F25CFE4E-8902-C560-E000-DDC8A0414D00}.Debug|Any CPU.Build.0 = Debug|Any CPU
		{F25CFE4E-8902-C560-E000-DDC8A0414D00}.Release|Any CPU.ActiveCfg = Release|Any CPU
		{F25CFE4E-8902-C560-E000-DDC8A0414D00}.Release|Any CPU.Build.0 = Release|Any CPU
		{D37BB767-0026-ABEB-9AF5-FAE23CF9B111}.Debug|Any CPU.ActiveCfg = Debug|Any CPU
		{D37BB767-0026-ABEB-9AF5-FAE23CF9B111}.Debug|Any CPU.Build.0 = Debug|Any CPU
		{D37BB767-0026-ABEB-9AF5-FAE23CF9B111}.Release|Any CPU.ActiveCfg = Release|Any CPU
		{D37BB767-0026-ABEB-9AF5-FAE23CF9B111}.Release|Any CPU.Build.0 = Release|Any CPU
		{C34F411A-9F59-A6FC-B6AB-B6DE3BD90EFF}.Debug|Any CPU.ActiveCfg = Debug|Any CPU
		{C34F411A-9F59-A6FC-B6AB-B6DE3BD90EFF}.Debug|Any CPU.Build.0 = Debug|Any CPU
		{C34F411A-9F59-A6FC-B6AB-B6DE3BD90EFF}.Release|Any CPU.ActiveCfg = Release|Any CPU
		{C34F411A-9F59-A6FC-B6AB-B6DE3BD90EFF}.Release|Any CPU.Build.0 = Release|Any CPU
	EndGlobalSection
	GlobalSection(SolutionProperties) = preSolution
		HideSolutionNode = FALSE
	EndGlobalSection
	GlobalSection(MonoDevelopProperties) = preSolution
		StartupItem = Assembly-CSharp.csproj
	EndGlobalSection
EndGlobal
